{
  "version": 4,
  "terraform_version": "0.12.19",
  "serial": 4,
  "lineage": "8806b43c-18a0-9086-057f-5f9f610df0b3",
  "outputs": {
    "app_external_ip": {
      "value": [
        "34.76.92.46"
      ],
      "type": [
        "tuple",
        [
          "string"
        ]
      ]
    }
  },
  "resources": [
    {
      "module": "module.app",
      "mode": "managed",
      "type": "google_compute_instance",
      "name": "app",
      "each": "list",
      "provider": "provider.google",
      "instances": []
    },
    {
      "module": "module.app",
      "mode": "managed",
      "type": "google_compute_instance",
      "name": "docker-host",
      "each": "list",
      "provider": "provider.google",
      "instances": [
        {
          "index_key": 0,
          "schema_version": 6,
          "attributes": {
            "allow_stopping_for_update": null,
            "attached_disk": [],
            "boot_disk": [
              {
                "auto_delete": true,
                "device_name": "persistent-disk-0",
                "disk_encryption_key_raw": "",
                "disk_encryption_key_sha256": "",
                "initialize_params": [
                  {
                    "image": "https://www.googleapis.com/compute/v1/projects/docker-267619/global/images/app-1581249591",
                    "labels": {},
                    "size": 10,
                    "type": "pd-standard"
                  }
                ],
                "kms_key_self_link": "",
                "mode": "READ_WRITE",
                "source": "https://www.googleapis.com/compute/v1/projects/docker-267619/zones/europe-west1-b/disks/docker-host-1"
              }
            ],
            "can_ip_forward": false,
            "cpu_platform": "Intel Haswell",
            "deletion_protection": false,
            "description": "",
            "enable_display": false,
            "guest_accelerator": [],
            "hostname": "",
            "id": "projects/docker-267619/zones/europe-west1-b/instances/docker-host-1",
            "instance_id": "7208273503717290477",
            "label_fingerprint": "42WmSpB8rSM=",
            "labels": null,
            "machine_type": "g1-small",
            "metadata": {
              "ssh-keys": "appuser:ssh-rsa AAAAB3NzaC1yc2EAAAADAQABAAABAQCoYA5uHwr9+8iCWlFIOhlZOPu5dRpoz6hv4YhUFpiMW1NReadlQlm03vGwTPglxyKW91iBXrEH0asYjL3/iVUHI7kFH6KO+pzPSqb9wHscRFxqhWv9PJzFlQYDcxab/Uw9S9zogEenRMwCq5gBs89XK8dUCqz6ZPoIpL98pRi2J1G+zeXyQj6HUzTnGC+WPVPDCtqPdJ1yv7aT56+tO+oOCc6cTrl1G00er/VipIEvPn/v9FOKgLJCcrcEpPLk+cxd/qTfXBCok1ZYoSYshFgcqrt5BmRCu1beUb8cV/FV5KfT01K6PEdm7IAsOSidQXJ/aRaLvXS8FUvzdfxZbTUz ruakbdg@n-msk-mackbdg\n"
            },
            "metadata_fingerprint": "mIVGlOTXgus=",
            "metadata_startup_script": "",
            "min_cpu_platform": "",
            "name": "docker-host-1",
            "network_interface": [
              {
                "access_config": [
                  {
                    "nat_ip": "34.76.92.46",
                    "network_tier": "PREMIUM",
                    "public_ptr_domain_name": ""
                  }
                ],
                "alias_ip_range": [],
                "name": "nic0",
                "network": "https://www.googleapis.com/compute/v1/projects/docker-267619/global/networks/default",
                "network_ip": "10.132.0.24",
                "subnetwork": "https://www.googleapis.com/compute/v1/projects/docker-267619/regions/europe-west1/subnetworks/default",
                "subnetwork_project": "docker-267619"
              }
            ],
            "project": "docker-267619",
            "scheduling": [
              {
                "automatic_restart": true,
                "node_affinities": [],
                "on_host_maintenance": "MIGRATE",
                "preemptible": false
              }
            ],
            "scratch_disk": [],
            "self_link": "https://www.googleapis.com/compute/v1/projects/docker-267619/zones/europe-west1-b/instances/docker-host-1",
            "service_account": [],
            "shielded_instance_config": [],
            "tags": null,
            "tags_fingerprint": "42WmSpB8rSM=",
            "timeouts": null,
            "zone": "europe-west1-b"
          },
          "private": "eyJlMmJmYjczMC1lY2FhLTExZTYtOGY4OC0zNDM2M2JjN2M0YzAiOnsiY3JlYXRlIjoxMjAwMDAwMDAwMDAwLCJkZWxldGUiOjEyMDAwMDAwMDAwMDAsInVwZGF0ZSI6MTIwMDAwMDAwMDAwMH0sInNjaGVtYV92ZXJzaW9uIjoiNiJ9"
        }
      ]
    }
  ]
}
